// !$*UTF8*$!
{
	archiveVersion = 1;
	classes = {
	};
	objectVersion = 46;
	objects = {

/* Begin PBXBuildFile section */
		5B9930960D6497DD94AA8EA1 /* HorreumTests.swift in Sources */ = {isa = PBXBuildFile; fileRef = 5B99307B359404A35C8DC921 /* HorreumTests.swift */; };
		5B99320FBE4E21252FD31567 /* Horreum.xcdatamodeld in Sources */ = {isa = PBXBuildFile; fileRef = 5B993B60BF1EA2FDD4B981A4 /* Horreum.xcdatamodeld */; };
		5B9932CE59BB5BD40C2103C3 /* Main.storyboard in Resources */ = {isa = PBXBuildFile; fileRef = 5B993A2DA6EAE7688A019261 /* Main.storyboard */; };
		5B993464F71663AD575CA26D /* LaunchScreen.storyboard in Resources */ = {isa = PBXBuildFile; fileRef = 5B993FD2EBFFF6C8AEC4884B /* LaunchScreen.storyboard */; };
		5B9934EEA9F8E12D82D5BE75 /* ViewController.swift in Sources */ = {isa = PBXBuildFile; fileRef = 5B993E000749DA4EDC060DCD /* ViewController.swift */; };
		5B9936EAB6E06B5C680C0E93 /* Assets.xcassets in Resources */ = {isa = PBXBuildFile; fileRef = 5B99349C70449FA6CF1C9CA1 /* Assets.xcassets */; };
		5B9937905C10FB8C2C2BA544 /* Horreum.swift in Sources */ = {isa = PBXBuildFile; fileRef = 5B993A43DC3AC340E6DA9EE0 /* Horreum.swift */; };
		5B993D5D3329B940CD93F3E9 /* AppDelegate.swift in Sources */ = {isa = PBXBuildFile; fileRef = 5B993295ED9BCE9488014377 /* AppDelegate.swift */; };
		C186F3491C295A95002E6751 /* Entity+CoreDataProperties.swift in Sources */ = {isa = PBXBuildFile; fileRef = C186F3471C295A95002E6751 /* Entity+CoreDataProperties.swift */; };
		C186F34A1C295A95002E6751 /* Entity.swift in Sources */ = {isa = PBXBuildFile; fileRef = C186F3481C295A95002E6751 /* Entity.swift */; };
/* End PBXBuildFile section */

/* Begin PBXContainerItemProxy section */
		5B99303D8991BBE424FFC4D8 /* PBXContainerItemProxy */ = {
			isa = PBXContainerItemProxy;
			containerPortal = 5B99357DF15817EEC223AC99 /* Project object */;
			proxyType = 1;
			remoteGlobalIDString = 5B993090CAE25D399DE08046;
			remoteInfo = Horreum;
		};
/* End PBXContainerItemProxy section */

/* Begin PBXFileReference section */
		5B99307B359404A35C8DC921 /* HorreumTests.swift */ = {isa = PBXFileReference; lastKnownFileType = sourcecode.swift; path = HorreumTests.swift; sourceTree = "<group>"; };
		5B9930F95A67383F8647167C /* Horreum.app */ = {isa = PBXFileReference; explicitFileType = wrapper.application; includeInIndex = 0; path = Horreum.app; sourceTree = BUILT_PRODUCTS_DIR; };
		5B9931C43A459D438CC6B022 /* HorreumTests.xctest */ = {isa = PBXFileReference; explicitFileType = wrapper.cfbundle; includeInIndex = 0; path = HorreumTests.xctest; sourceTree = BUILT_PRODUCTS_DIR; };
		5B993295ED9BCE9488014377 /* AppDelegate.swift */ = {isa = PBXFileReference; lastKnownFileType = sourcecode.swift; path = AppDelegate.swift; sourceTree = "<group>"; };
		5B9932EF8CE90177627EF93A /* Base */ = {isa = PBXFileReference; lastKnownFileType = file.storyboard; name = Base; path = Base.lproj/Main.storyboard; sourceTree = "<group>"; };
		5B99340790C9CE36E6AF2D90 /* Info.plist */ = {isa = PBXFileReference; lastKnownFileType = text.plist.info; path = Info.plist; sourceTree = "<group>"; };
		5B99349C70449FA6CF1C9CA1 /* Assets.xcassets */ = {isa = PBXFileReference; lastKnownFileType = folder.assetcatalog; path = Assets.xcassets; sourceTree = "<group>"; };
		5B993831B924E9120DA467A2 /* Info.plist */ = {isa = PBXFileReference; lastKnownFileType = text.plist.info; path = Info.plist; sourceTree = "<group>"; };
		5B993A43DC3AC340E6DA9EE0 /* Horreum.swift */ = {isa = PBXFileReference; fileEncoding = 4; lastKnownFileType = sourcecode.swift; path = Horreum.swift; sourceTree = "<group>"; };
		5B993A49630858477BA146EA /* Base */ = {isa = PBXFileReference; lastKnownFileType = file.storyboard; name = Base; path = Base.lproj/LaunchScreen.storyboard; sourceTree = "<group>"; };
		5B993D9C2CAA4F1F1B65149D /* Horreum.xcdatamodel */ = {isa = PBXFileReference; lastKnownFileType = wrapper.xcdatamodel; path = Horreum.xcdatamodel; sourceTree = "<group>"; };
		5B993E000749DA4EDC060DCD /* ViewController.swift */ = {isa = PBXFileReference; lastKnownFileType = sourcecode.swift; path = ViewController.swift; sourceTree = "<group>"; };
		C186F3471C295A95002E6751 /* Entity+CoreDataProperties.swift */ = {isa = PBXFileReference; fileEncoding = 4; lastKnownFileType = sourcecode.swift; path = "Entity+CoreDataProperties.swift"; sourceTree = "<group>"; };
		C186F3481C295A95002E6751 /* Entity.swift */ = {isa = PBXFileReference; fileEncoding = 4; lastKnownFileType = sourcecode.swift; path = Entity.swift; sourceTree = "<group>"; };
/* End PBXFileReference section */

/* Begin PBXFrameworksBuildPhase section */
		5B993BF8464DA2C300F787B7 /* Frameworks */ = {
			isa = PBXFrameworksBuildPhase;
			buildActionMask = 2147483647;
			files = (
			);
			runOnlyForDeploymentPostprocessing = 0;
		};
		5B993DC48C454B835AA5C0E4 /* Frameworks */ = {
			isa = PBXFrameworksBuildPhase;
			buildActionMask = 2147483647;
			files = (
			);
			runOnlyForDeploymentPostprocessing = 0;
		};
/* End PBXFrameworksBuildPhase section */

/* Begin PBXGroup section */
		5B9931C036C737FFDFE25277 /* HorreumTests */ = {
			isa = PBXGroup;
			children = (
				5B99340790C9CE36E6AF2D90 /* Info.plist */,
				5B99307B359404A35C8DC921 /* HorreumTests.swift */,
			);
			path = HorreumTests;
			sourceTree = "<group>";
		};
		5B9931DD2A84A9F50446AE0A /* Horreum */ = {
			isa = PBXGroup;
			children = (
				5B993831B924E9120DA467A2 /* Info.plist */,
				5B99349C70449FA6CF1C9CA1 /* Assets.xcassets */,
				5B993FD2EBFFF6C8AEC4884B /* LaunchScreen.storyboard */,
				5B993295ED9BCE9488014377 /* AppDelegate.swift */,
				5B993A2DA6EAE7688A019261 /* Main.storyboard */,
				5B993E000749DA4EDC060DCD /* ViewController.swift */,
				5B993B60BF1EA2FDD4B981A4 /* Horreum.xcdatamodeld */,
				5B993F6A373B1B005B99099F /* Classes */,
				C186F3471C295A95002E6751 /* Entity+CoreDataProperties.swift */,
				C186F3481C295A95002E6751 /* Entity.swift */,
			);
			path = Horreum;
			sourceTree = "<group>";
		};
		5B9935F0B28B1B2E40C8DEA2 /* Products */ = {
			isa = PBXGroup;
			children = (
				5B9930F95A67383F8647167C /* Horreum.app */,
				5B9931C43A459D438CC6B022 /* HorreumTests.xctest */,
			);
			name = Products;
			sourceTree = "<group>";
		};
		5B993A1341D37E4C9CD13A46 = {
			isa = PBXGroup;
			children = (
				5B9935F0B28B1B2E40C8DEA2 /* Products */,
				5B9931DD2A84A9F50446AE0A /* Horreum */,
				5B9931C036C737FFDFE25277 /* HorreumTests */,
			);
			sourceTree = "<group>";
		};
		5B993F6A373B1B005B99099F /* Classes */ = {
			isa = PBXGroup;
			children = (
				5B993A43DC3AC340E6DA9EE0 /* Horreum.swift */,
			);
			path = Classes;
			sourceTree = "<group>";
		};
/* End PBXGroup section */

/* Begin PBXNativeTarget section */
		5B993090CAE25D399DE08046 /* Horreum */ = {
			isa = PBXNativeTarget;
			buildConfigurationList = 5B993C945854E616516DF7F5 /* Build configuration list for PBXNativeTarget "Horreum" */;
			buildPhases = (
				5B993E06BE5003D2E7268B45 /* Sources */,
				5B993DC48C454B835AA5C0E4 /* Frameworks */,
				5B99359F55F3C448B331DDE5 /* Resources */,
			);
			buildRules = (
			);
			dependencies = (
			);
			name = Horreum;
			productName = Horreum;
			productReference = 5B9930F95A67383F8647167C /* Horreum.app */;
			productType = "com.apple.product-type.application";
		};
		5B9931F446C815859721CC6E /* HorreumTests */ = {
			isa = PBXNativeTarget;
			buildConfigurationList = 5B993E532047D5F6AF1F8727 /* Build configuration list for PBXNativeTarget "HorreumTests" */;
			buildPhases = (
				5B993842DB29763825920C35 /* Sources */,
				5B993BF8464DA2C300F787B7 /* Frameworks */,
				5B9930027413E68A7E8CEE86 /* Resources */,
			);
			buildRules = (
			);
			dependencies = (
				5B993E694B2BB940094BC279 /* PBXTargetDependency */,
			);
			name = HorreumTests;
			productName = HorreumTests;
			productReference = 5B9931C43A459D438CC6B022 /* HorreumTests.xctest */;
			productType = "com.apple.product-type.bundle.unit-test";
		};
/* End PBXNativeTarget section */

/* Begin PBXProject section */
		5B99357DF15817EEC223AC99 /* Project object */ = {
			isa = PBXProject;
			attributes = {
				LastSwiftMigration = 0720;
				LastSwiftUpdateCheck = 0720;
				LastUpgradeCheck = 0720;
				ORGANIZATIONNAME = "Alpic GmbH";
				TargetAttributes = {
					5B993090CAE25D399DE08046 = {
						LastSwiftMigration = 0900;
					};
					5B9931F446C815859721CC6E = {
						LastSwiftMigration = 0900;
					};
				};
			};
			buildConfigurationList = 5B99385007503BA2B326FF17 /* Build configuration list for PBXProject "Horreum" */;
			compatibilityVersion = "Xcode 3.2";
			developmentRegion = English;
			hasScannedForEncodings = 0;
			knownRegions = (
				en,
			);
			mainGroup = 5B993A1341D37E4C9CD13A46;
			productRefGroup = 5B9935F0B28B1B2E40C8DEA2 /* Products */;
			projectDirPath = "";
			projectRoot = "";
			targets = (
				5B993090CAE25D399DE08046 /* Horreum */,
				5B9931F446C815859721CC6E /* HorreumTests */,
			);
		};
/* End PBXProject section */

/* Begin PBXResourcesBuildPhase section */
		5B9930027413E68A7E8CEE86 /* Resources */ = {
			isa = PBXResourcesBuildPhase;
			buildActionMask = 2147483647;
			files = (
			);
			runOnlyForDeploymentPostprocessing = 0;
		};
		5B99359F55F3C448B331DDE5 /* Resources */ = {
			isa = PBXResourcesBuildPhase;
			buildActionMask = 2147483647;
			files = (
				5B9936EAB6E06B5C680C0E93 /* Assets.xcassets in Resources */,
				5B993464F71663AD575CA26D /* LaunchScreen.storyboard in Resources */,
				5B9932CE59BB5BD40C2103C3 /* Main.storyboard in Resources */,
			);
			runOnlyForDeploymentPostprocessing = 0;
		};
/* End PBXResourcesBuildPhase section */

/* Begin PBXSourcesBuildPhase section */
		5B993842DB29763825920C35 /* Sources */ = {
			isa = PBXSourcesBuildPhase;
			buildActionMask = 2147483647;
			files = (
				5B9930960D6497DD94AA8EA1 /* HorreumTests.swift in Sources */,
			);
			runOnlyForDeploymentPostprocessing = 0;
		};
		5B993E06BE5003D2E7268B45 /* Sources */ = {
			isa = PBXSourcesBuildPhase;
			buildActionMask = 2147483647;
			files = (
				C186F3491C295A95002E6751 /* Entity+CoreDataProperties.swift in Sources */,
				5B993D5D3329B940CD93F3E9 /* AppDelegate.swift in Sources */,
				C186F34A1C295A95002E6751 /* Entity.swift in Sources */,
				5B99320FBE4E21252FD31567 /* Horreum.xcdatamodeld in Sources */,
				5B9934EEA9F8E12D82D5BE75 /* ViewController.swift in Sources */,
				5B9937905C10FB8C2C2BA544 /* Horreum.swift in Sources */,
			);
			runOnlyForDeploymentPostprocessing = 0;
		};
/* End PBXSourcesBuildPhase section */

/* Begin PBXTargetDependency section */
		5B993E694B2BB940094BC279 /* PBXTargetDependency */ = {
			isa = PBXTargetDependency;
			target = 5B993090CAE25D399DE08046 /* Horreum */;
			targetProxy = 5B99303D8991BBE424FFC4D8 /* PBXContainerItemProxy */;
		};
/* End PBXTargetDependency section */

/* Begin PBXVariantGroup section */
		5B993A2DA6EAE7688A019261 /* Main.storyboard */ = {
			isa = PBXVariantGroup;
			children = (
				5B9932EF8CE90177627EF93A /* Base */,
			);
			name = Main.storyboard;
			sourceTree = "<group>";
		};
		5B993FD2EBFFF6C8AEC4884B /* LaunchScreen.storyboard */ = {
			isa = PBXVariantGroup;
			children = (
				5B993A49630858477BA146EA /* Base */,
			);
			name = LaunchScreen.storyboard;
			sourceTree = "<group>";
		};
/* End PBXVariantGroup section */

/* Begin XCBuildConfiguration section */
		5B99331C2EB530BBDAB8253E /* Release */ = {
			isa = XCBuildConfiguration;
			buildSettings = {
				ALWAYS_SEARCH_USER_PATHS = NO;
				CLANG_CXX_LANGUAGE_STANDARD = "gnu++0x";
				CLANG_CXX_LIBRARY = "libc++";
				CLANG_ENABLE_MODULES = YES;
				CLANG_ENABLE_OBJC_ARC = YES;
				CLANG_WARN_BOOL_CONVERSION = YES;
				CLANG_WARN_CONSTANT_CONVERSION = YES;
				CLANG_WARN_DIRECT_OBJC_ISA_USAGE = YES_ERROR;
				CLANG_WARN_EMPTY_BODY = YES;
				CLANG_WARN_ENUM_CONVERSION = YES;
				CLANG_WARN_INT_CONVERSION = YES;
				CLANG_WARN_OBJC_ROOT_CLASS = YES_ERROR;
				CLANG_WARN_UNREACHABLE_CODE = YES;
				CLANG_WARN__DUPLICATE_METHOD_MATCH = YES;
				"CODE_SIGN_IDENTITY[sdk=iphoneos*]" = "iPhone Developer";
				COPY_PHASE_STRIP = NO;
				DEBUG_INFORMATION_FORMAT = "dwarf-with-dsym";
				ENABLE_NS_ASSERTIONS = NO;
				ENABLE_STRICT_OBJC_MSGSEND = YES;
				GCC_C_LANGUAGE_STANDARD = gnu99;
				GCC_NO_COMMON_BLOCKS = YES;
				GCC_WARN_64_TO_32_BIT_CONVERSION = YES;
				GCC_WARN_ABOUT_RETURN_TYPE = YES_ERROR;
				GCC_WARN_UNDECLARED_SELECTOR = YES;
				GCC_WARN_UNINITIALIZED_AUTOS = YES_AGGRESSIVE;
				GCC_WARN_UNUSED_FUNCTION = YES;
				GCC_WARN_UNUSED_VARIABLE = YES;
				IPHONEOS_DEPLOYMENT_TARGET = 10.0;
				MTL_ENABLE_DEBUG_INFO = NO;
				SDKROOT = iphoneos;
				SWIFT_SWIFT3_OBJC_INFERENCE = Default;
				VALIDATE_PRODUCT = YES;
			};
			name = Release;
		};
		5B9933875705850E3E285EF0 /* Release */ = {
			isa = XCBuildConfiguration;
			buildSettings = {
				BUNDLE_LOADER = "$(BUILT_PRODUCTS_DIR)/Horreum.app/Horreum";
				INFOPLIST_FILE = HorreumTests/Info.plist;
				LD_RUNPATH_SEARCH_PATHS = "$(inherited) @executable_path/Frameworks @loader_path/Frameworks";
				PRODUCT_BUNDLE_IDENTIFIER = com.aplic.HorreumTests;
				PRODUCT_NAME = "$(TARGET_NAME)";
				SWIFT_SWIFT3_OBJC_INFERENCE = On;
				SWIFT_VERSION = 4.0;
				TEST_HOST = "$(BUNDLE_LOADER)";
			};
			name = Release;
		};
		5B9937E292EA4D1538B41F8D /* Debug */ = {
			isa = XCBuildConfiguration;
			buildSettings = {
				ALWAYS_SEARCH_USER_PATHS = NO;
				CLANG_CXX_LANGUAGE_STANDARD = "gnu++0x";
				CLANG_CXX_LIBRARY = "libc++";
				CLANG_ENABLE_MODULES = YES;
				CLANG_ENABLE_OBJC_ARC = YES;
				CLANG_WARN_BOOL_CONVERSION = YES;
				CLANG_WARN_CONSTANT_CONVERSION = YES;
				CLANG_WARN_DIRECT_OBJC_ISA_USAGE = YES_ERROR;
				CLANG_WARN_EMPTY_BODY = YES;
				CLANG_WARN_ENUM_CONVERSION = YES;
				CLANG_WARN_INT_CONVERSION = YES;
				CLANG_WARN_OBJC_ROOT_CLASS = YES_ERROR;
				CLANG_WARN_UNREACHABLE_CODE = YES;
				CLANG_WARN__DUPLICATE_METHOD_MATCH = YES;
				"CODE_SIGN_IDENTITY[sdk=iphoneos*]" = "iPhone Developer";
				COPY_PHASE_STRIP = NO;
				DEBUG_INFORMATION_FORMAT = dwarf;
				ENABLE_STRICT_OBJC_MSGSEND = YES;
				ENABLE_TESTABILITY = YES;
				GCC_C_LANGUAGE_STANDARD = gnu99;
				GCC_DYNAMIC_NO_PIC = NO;
				GCC_NO_COMMON_BLOCKS = YES;
				GCC_OPTIMIZATION_LEVEL = 0;
				GCC_PREPROCESSOR_DEFINITIONS = (
					"DEBUG=1",
					"$(inherited)",
				);
				GCC_WARN_64_TO_32_BIT_CONVERSION = YES;
				GCC_WARN_ABOUT_RETURN_TYPE = YES_ERROR;
				GCC_WARN_UNDECLARED_SELECTOR = YES;
				GCC_WARN_UNINITIALIZED_AUTOS = YES_AGGRESSIVE;
				GCC_WARN_UNUSED_FUNCTION = YES;
				GCC_WARN_UNUSED_VARIABLE = YES;
				IPHONEOS_DEPLOYMENT_TARGET = 10.0;
				MTL_ENABLE_DEBUG_INFO = YES;
				ONLY_ACTIVE_ARCH = YES;
				SDKROOT = iphoneos;
				SWIFT_OPTIMIZATION_LEVEL = "-Onone";
				SWIFT_SWIFT3_OBJC_INFERENCE = Default;
			};
			name = Debug;
		};
		5B993B4AA263F9FB536FAF29 /* Release */ = {
			isa = XCBuildConfiguration;
			buildSettings = {
				ASSETCATALOG_COMPILER_APPICON_NAME = AppIcon;
				INFOPLIST_FILE = Horreum/Info.plist;
				LD_RUNPATH_SEARCH_PATHS = "$(inherited) @executable_path/Frameworks";
				PRODUCT_BUNDLE_IDENTIFIER = com.aplic.Horreum;
				PRODUCT_NAME = "$(TARGET_NAME)";
				SWIFT_SWIFT3_OBJC_INFERENCE = On;
				SWIFT_VERSION = 4.0;
			};
			name = Release;
		};
		5B993CE917EF1A70590B2FC9 /* Debug */ = {
			isa = XCBuildConfiguration;
			buildSettings = {
				ASSETCATALOG_COMPILER_APPICON_NAME = AppIcon;
				INFOPLIST_FILE = Horreum/Info.plist;
				LD_RUNPATH_SEARCH_PATHS = "$(inherited) @executable_path/Frameworks";
				PRODUCT_BUNDLE_IDENTIFIER = com.aplic.Horreum;
				PRODUCT_NAME = "$(TARGET_NAME)";
				SWIFT_SWIFT3_OBJC_INFERENCE = On;
				SWIFT_VERSION = 4.0;
			};
			name = Debug;
		};
		5B993E56433B0AB19C4DEF7F /* Debug */ = {
			isa = XCBuildConfiguration;
			buildSettings = {
				BUNDLE_LOADER = "$(BUILT_PRODUCTS_DIR)/Horreum.app/Horreum";
				INFOPLIST_FILE = HorreumTests/Info.plist;
				LD_RUNPATH_SEARCH_PATHS = "$(inherited) @executable_path/Frameworks @loader_path/Frameworks";
				PRODUCT_BUNDLE_IDENTIFIER = com.aplic.HorreumTests;
				PRODUCT_NAME = "$(TARGET_NAME)";
				SWIFT_SWIFT3_OBJC_INFERENCE = On;
				SWIFT_VERSION = 4.0;
				TEST_HOST = "$(BUNDLE_LOADER)";
			};
			name = Debug;
		};
/* End XCBuildConfiguration section */

/* Begin XCConfigurationList section */
		5B99385007503BA2B326FF17 /* Build configuration list for PBXProject "Horreum" */ = {
			isa = XCConfigurationList;
			buildConfigurations = (
				5B9937E292EA4D1538B41F8D /* Debug */,
				5B99331C2EB530BBDAB8253E /* Release */,
			);
			defaultConfigurationIsVisible = 0;
			defaultConfigurationName = Release;
		};
		5B993C945854E616516DF7F5 /* Build configuration list for PBXNativeTarget "Horreum" */ = {
			isa = XCConfigurationList;
			buildConfigurations = (
				5B993CE917EF1A70590B2FC9 /* Debug */,
				5B993B4AA263F9FB536FAF29 /* Release */,
			);
			defaultConfigurationIsVisible = 0;
			defaultConfigurationName = Release;
		};
		5B993E532047D5F6AF1F8727 /* Build configuration list for PBXNativeTarget "HorreumTests" */ = {
			isa = XCConfigurationList;
			buildConfigurations = (
				5B993E56433B0AB19C4DEF7F /* Debug */,
				5B9933875705850E3E285EF0 /* Release */,
			);
			defaultConfigurationIsVisible = 0;
			defaultConfigurationName = Release;
		};
/* End XCConfigurationList section */

/* Begin XCVersionGroup section */
		5B993B60BF1EA2FDD4B981A4 /* Horreum.xcdatamodeld */ = {
			isa = XCVersionGroup;
			children = (
				5B993D9C2CAA4F1F1B65149D /* Horreum.xcdatamodel */,
			);
			currentVersion = 5B993D9C2CAA4F1F1B65149D /* Horreum.xcdatamodel */;
			path = Horreum.xcdatamodeld;
			sourceTree = "<group>";
			versionGroupType = wrapper.xcdatamodel;
		};
/* End XCVersionGroup section */
	};
	rootObject = 5B99357DF15817EEC223AC99 /* Project object */;
}
